// !$*UTF8*$!
{
	archiveVersion = 1;
	classes = {
	};
	objectVersion = 48;
	objects = {

/* Begin PBXBuildFile section */
		442851C51FD9A2900065951C /* AppDelegate.swift in Sources */ = {isa = PBXBuildFile; fileRef = 442851C41FD9A2900065951C /* AppDelegate.swift */; };
		442851C91FD9A2900065951C /* Assets.xcassets in Resources */ = {isa = PBXBuildFile; fileRef = 442851C81FD9A2900065951C /* Assets.xcassets */; };
		442851CC1FD9A2900065951C /* Main.storyboard in Resources */ = {isa = PBXBuildFile; fileRef = 442851CA1FD9A2900065951C /* Main.storyboard */; };
		442851D81FD9A2900065951C /* AudioUnitInstrumentHostTests.swift in Sources */ = {isa = PBXBuildFile; fileRef = 442851D71FD9A2900065951C /* AudioUnitInstrumentHostTests.swift */; };
		442851E51FD9A3440065951C /* MainViewController.swift in Sources */ = {isa = PBXBuildFile; fileRef = 442851E41FD9A3440065951C /* MainViewController.swift */; };
		442851E71FD9A3920065951C /* AudioService.swift in Sources */ = {isa = PBXBuildFile; fileRef = 442851E61FD9A3920065951C /* AudioService.swift */; };
		442851EC1FD9A3EE0065951C /* AUv2InstrumentHost.swift in Sources */ = {isa = PBXBuildFile; fileRef = 442851E91FD9A3EE0065951C /* AUv2InstrumentHost.swift */; };
		442851ED1FD9A3EE0065951C /* AUv3InstrumentHost.swift in Sources */ = {isa = PBXBuildFile; fileRef = 442851EA1FD9A3EE0065951C /* AUv3InstrumentHost.swift */; };
		442851EE1FD9A3EE0065951C /* InstrumentHost.swift in Sources */ = {isa = PBXBuildFile; fileRef = 442851EB1FD9A3EE0065951C /* InstrumentHost.swift */; };
		442851F71FD9A49B0065951C /* AudioUnitGraph.swift in Sources */ = {isa = PBXBuildFile; fileRef = 442851F21FD9A49B0065951C /* AudioUnitGraph.swift */; };
		442851F81FD9A49B0065951C /* AudioUnitInstance.swift in Sources */ = {isa = PBXBuildFile; fileRef = 442851F31FD9A49B0065951C /* AudioUnitInstance.swift */; };
		442851F91FD9A49B0065951C /* NSError+OSStatus.swift in Sources */ = {isa = PBXBuildFile; fileRef = 442851F41FD9A49B0065951C /* NSError+OSStatus.swift */; };
		442851FA1FD9A49B0065951C /* AudioToolboxHelpers.m in Sources */ = {isa = PBXBuildFile; fileRef = 442851F61FD9A49B0065951C /* AudioToolboxHelpers.m */; };
/* End PBXBuildFile section */

/* Begin PBXContainerItemProxy section */
		442851D41FD9A2900065951C /* PBXContainerItemProxy */ = {
			isa = PBXContainerItemProxy;
			containerPortal = 442851B91FD9A2900065951C /* Project object */;
			proxyType = 1;
			remoteGlobalIDString = 442851C01FD9A2900065951C;
			remoteInfo = AudioUnitInstrumentHost;
		};
/* End PBXContainerItemProxy section */

/* Begin PBXFileReference section */
		442851C11FD9A2900065951C /* AudioUnitInstrumentHost.app */ = {isa = PBXFileReference; explicitFileType = wrapper.application; includeInIndex = 0; path = AudioUnitInstrumentHost.app; sourceTree = BUILT_PRODUCTS_DIR; };
		442851C41FD9A2900065951C /* AppDelegate.swift */ = {isa = PBXFileReference; lastKnownFileType = sourcecode.swift; path = AppDelegate.swift; sourceTree = "<group>"; };
		442851C81FD9A2900065951C /* Assets.xcassets */ = {isa = PBXFileReference; lastKnownFileType = folder.assetcatalog; path = Assets.xcassets; sourceTree = "<group>"; };
		442851CB1FD9A2900065951C /* Base */ = {isa = PBXFileReference; lastKnownFileType = file.storyboard; name = Base; path = Base.lproj/Main.storyboard; sourceTree = "<group>"; };
		442851CD1FD9A2900065951C /* Info.plist */ = {isa = PBXFileReference; lastKnownFileType = text.plist.xml; path = Info.plist; sourceTree = "<group>"; };
		442851CE1FD9A2900065951C /* AudioUnitInstrumentHost.entitlements */ = {isa = PBXFileReference; lastKnownFileType = text.plist.entitlements; path = AudioUnitInstrumentHost.entitlements; sourceTree = "<group>"; };
		442851D31FD9A2900065951C /* AudioUnitInstrumentHostTests.xctest */ = {isa = PBXFileReference; explicitFileType = wrapper.cfbundle; includeInIndex = 0; path = AudioUnitInstrumentHostTests.xctest; sourceTree = BUILT_PRODUCTS_DIR; };
		442851D71FD9A2900065951C /* AudioUnitInstrumentHostTests.swift */ = {isa = PBXFileReference; lastKnownFileType = sourcecode.swift; path = AudioUnitInstrumentHostTests.swift; sourceTree = "<group>"; };
		442851D91FD9A2900065951C /* Info.plist */ = {isa = PBXFileReference; lastKnownFileType = text.plist.xml; path = Info.plist; sourceTree = "<group>"; };
		442851E41FD9A3440065951C /* MainViewController.swift */ = {isa = PBXFileReference; lastKnownFileType = sourcecode.swift; path = MainViewController.swift; sourceTree = "<group>"; };
		442851E61FD9A3920065951C /* AudioService.swift */ = {isa = PBXFileReference; lastKnownFileType = sourcecode.swift; path = AudioService.swift; sourceTree = "<group>"; };
		442851E91FD9A3EE0065951C /* AUv2InstrumentHost.swift */ = {isa = PBXFileReference; fileEncoding = 4; lastKnownFileType = sourcecode.swift; path = AUv2InstrumentHost.swift; sourceTree = "<group>"; };
		442851EA1FD9A3EE0065951C /* AUv3InstrumentHost.swift */ = {isa = PBXFileReference; fileEncoding = 4; lastKnownFileType = sourcecode.swift; path = AUv3InstrumentHost.swift; sourceTree = "<group>"; };
		442851EB1FD9A3EE0065951C /* InstrumentHost.swift */ = {isa = PBXFileReference; fileEncoding = 4; lastKnownFileType = sourcecode.swift; path = InstrumentHost.swift; sourceTree = "<group>"; };
		442851F11FD9A49A0065951C /* AudioUnitInstrumentHost-Bridging-Header.h */ = {isa = PBXFileReference; lastKnownFileType = sourcecode.c.h; path = "AudioUnitInstrumentHost-Bridging-Header.h"; sourceTree = "<group>"; };
		442851F21FD9A49B0065951C /* AudioUnitGraph.swift */ = {isa = PBXFileReference; fileEncoding = 4; lastKnownFileType = sourcecode.swift; path = AudioUnitGraph.swift; sourceTree = "<group>"; };
		442851F31FD9A49B0065951C /* AudioUnitInstance.swift */ = {isa = PBXFileReference; fileEncoding = 4; lastKnownFileType = sourcecode.swift; path = AudioUnitInstance.swift; sourceTree = "<group>"; };
		442851F41FD9A49B0065951C /* NSError+OSStatus.swift */ = {isa = PBXFileReference; fileEncoding = 4; lastKnownFileType = sourcecode.swift; path = "NSError+OSStatus.swift"; sourceTree = "<group>"; };
		442851F51FD9A49B0065951C /* AudioToolboxHelpers.h */ = {isa = PBXFileReference; fileEncoding = 4; lastKnownFileType = sourcecode.c.h; path = AudioToolboxHelpers.h; sourceTree = "<group>"; };
		442851F61FD9A49B0065951C /* AudioToolboxHelpers.m */ = {isa = PBXFileReference; fileEncoding = 4; lastKnownFileType = sourcecode.c.objc; path = AudioToolboxHelpers.m; sourceTree = "<group>"; };
/* End PBXFileReference section */

/* Begin PBXFrameworksBuildPhase section */
		442851BE1FD9A2900065951C /* Frameworks */ = {
			isa = PBXFrameworksBuildPhase;
			buildActionMask = 2147483647;
			files = (
			);
			runOnlyForDeploymentPostprocessing = 0;
		};
		442851D01FD9A2900065951C /* Frameworks */ = {
			isa = PBXFrameworksBuildPhase;
			buildActionMask = 2147483647;
			files = (
			);
			runOnlyForDeploymentPostprocessing = 0;
		};
/* End PBXFrameworksBuildPhase section */

/* Begin PBXGroup section */
		442851B81FD9A2900065951C = {
			isa = PBXGroup;
			children = (
				442851C31FD9A2900065951C /* AudioUnitInstrumentHost */,
				442851D61FD9A2900065951C /* AudioUnitInstrumentHostTests */,
				442851C21FD9A2900065951C /* Products */,
			);
			sourceTree = "<group>";
		};
		442851C21FD9A2900065951C /* Products */ = {
			isa = PBXGroup;
			children = (
				442851C11FD9A2900065951C /* AudioUnitInstrumentHost.app */,
				442851D31FD9A2900065951C /* AudioUnitInstrumentHostTests.xctest */,
			);
			name = Products;
			sourceTree = "<group>";
		};
		442851C31FD9A2900065951C /* AudioUnitInstrumentHost */ = {
			isa = PBXGroup;
			children = (
				442851EF1FD9A43E0065951C /* Utility */,
				442851E31FD9A2E80065951C /* Audio */,
				442851E21FD9A2D20065951C /* UI */,
				442851C41FD9A2900065951C /* AppDelegate.swift */,
				442851C81FD9A2900065951C /* Assets.xcassets */,
				442851CA1FD9A2900065951C /* Main.storyboard */,
				442851CD1FD9A2900065951C /* Info.plist */,
				442851CE1FD9A2900065951C /* AudioUnitInstrumentHost.entitlements */,
			);
			path = AudioUnitInstrumentHost;
			sourceTree = "<group>";
		};
		442851D61FD9A2900065951C /* AudioUnitInstrumentHostTests */ = {
			isa = PBXGroup;
			children = (
				442851D71FD9A2900065951C /* AudioUnitInstrumentHostTests.swift */,
				442851D91FD9A2900065951C /* Info.plist */,
			);
			path = AudioUnitInstrumentHostTests;
			sourceTree = "<group>";
		};
		442851E21FD9A2D20065951C /* UI */ = {
			isa = PBXGroup;
			children = (
				442851E41FD9A3440065951C /* MainViewController.swift */,
			);
			path = UI;
			sourceTree = "<group>";
		};
		442851E31FD9A2E80065951C /* Audio */ = {
			isa = PBXGroup;
			children = (
				442851E81FD9A3B60065951C /* Host */,
				442851E61FD9A3920065951C /* AudioService.swift */,
			);
			path = Audio;
			sourceTree = "<group>";
		};
		442851E81FD9A3B60065951C /* Host */ = {
			isa = PBXGroup;
			children = (
				442851EB1FD9A3EE0065951C /* InstrumentHost.swift */,
				442851E91FD9A3EE0065951C /* AUv2InstrumentHost.swift */,
				442851EA1FD9A3EE0065951C /* AUv3InstrumentHost.swift */,
			);
			path = Host;
			sourceTree = "<group>";
		};
		442851EF1FD9A43E0065951C /* Utility */ = {
			isa = PBXGroup;
			children = (
				442851F01FD9A4480065951C /* AUv2 */,
			);
			path = Utility;
			sourceTree = "<group>";
		};
		442851F01FD9A4480065951C /* AUv2 */ = {
			isa = PBXGroup;
			children = (
				442851F51FD9A49B0065951C /* AudioToolboxHelpers.h */,
				442851F61FD9A49B0065951C /* AudioToolboxHelpers.m */,
				442851F21FD9A49B0065951C /* AudioUnitGraph.swift */,
				442851F31FD9A49B0065951C /* AudioUnitInstance.swift */,
				442851F41FD9A49B0065951C /* NSError+OSStatus.swift */,
				442851F11FD9A49A0065951C /* AudioUnitInstrumentHost-Bridging-Header.h */,
			);
			path = AUv2;
			sourceTree = "<group>";
		};
/* End PBXGroup section */

/* Begin PBXNativeTarget section */
		442851C01FD9A2900065951C /* AudioUnitInstrumentHost */ = {
			isa = PBXNativeTarget;
			buildConfigurationList = 442851DC1FD9A2900065951C /* Build configuration list for PBXNativeTarget "AudioUnitInstrumentHost" */;
			buildPhases = (
				442851BD1FD9A2900065951C /* Sources */,
				442851BE1FD9A2900065951C /* Frameworks */,
				442851BF1FD9A2900065951C /* Resources */,
			);
			buildRules = (
			);
			dependencies = (
			);
			name = AudioUnitInstrumentHost;
			productName = AudioUnitInstrumentHost;
			productReference = 442851C11FD9A2900065951C /* AudioUnitInstrumentHost.app */;
			productType = "com.apple.product-type.application";
		};
		442851D21FD9A2900065951C /* AudioUnitInstrumentHostTests */ = {
			isa = PBXNativeTarget;
			buildConfigurationList = 442851DF1FD9A2900065951C /* Build configuration list for PBXNativeTarget "AudioUnitInstrumentHostTests" */;
			buildPhases = (
				442851CF1FD9A2900065951C /* Sources */,
				442851D01FD9A2900065951C /* Frameworks */,
				442851D11FD9A2900065951C /* Resources */,
			);
			buildRules = (
			);
			dependencies = (
				442851D51FD9A2900065951C /* PBXTargetDependency */,
			);
			name = AudioUnitInstrumentHostTests;
			productName = AudioUnitInstrumentHostTests;
			productReference = 442851D31FD9A2900065951C /* AudioUnitInstrumentHostTests.xctest */;
			productType = "com.apple.product-type.bundle.unit-test";
		};
/* End PBXNativeTarget section */

/* Begin PBXProject section */
		442851B91FD9A2900065951C /* Project object */ = {
			isa = PBXProject;
			attributes = {
				LastSwiftUpdateCheck = 0910;
				LastUpgradeCheck = 0910;
				ORGANIZATIONNAME = acb;
				TargetAttributes = {
					442851C01FD9A2900065951C = {
						CreatedOnToolsVersion = 9.1;
						LastSwiftMigration = 0910;
						ProvisioningStyle = Automatic;
						SystemCapabilities = {
							com.apple.Sandbox = {
								enabled = 0;
							};
						};
					};
					442851D21FD9A2900065951C = {
						CreatedOnToolsVersion = 9.1;
						ProvisioningStyle = Automatic;
						TestTargetID = 442851C01FD9A2900065951C;
					};
				};
			};
			buildConfigurationList = 442851BC1FD9A2900065951C /* Build configuration list for PBXProject "AudioUnitInstrumentHost" */;
			compatibilityVersion = "Xcode 8.0";
			developmentRegion = en;
			hasScannedForEncodings = 0;
			knownRegions = (
				en,
				Base,
			);
			mainGroup = 442851B81FD9A2900065951C;
			productRefGroup = 442851C21FD9A2900065951C /* Products */;
			projectDirPath = "";
			projectRoot = "";
			targets = (
				442851C01FD9A2900065951C /* AudioUnitInstrumentHost */,
				442851D21FD9A2900065951C /* AudioUnitInstrumentHostTests */,
			);
		};
/* End PBXProject section */

/* Begin PBXResourcesBuildPhase section */
		442851BF1FD9A2900065951C /* Resources */ = {
			isa = PBXResourcesBuildPhase;
			buildActionMask = 2147483647;
			files = (
				442851C91FD9A2900065951C /* Assets.xcassets in Resources */,
				442851CC1FD9A2900065951C /* Main.storyboard in Resources */,
			);
			runOnlyForDeploymentPostprocessing = 0;
		};
		442851D11FD9A2900065951C /* Resources */ = {
			isa = PBXResourcesBuildPhase;
			buildActionMask = 2147483647;
			files = (
			);
			runOnlyForDeploymentPostprocessing = 0;
		};
/* End PBXResourcesBuildPhase section */

/* Begin PBXSourcesBuildPhase section */
		442851BD1FD9A2900065951C /* Sources */ = {
			isa = PBXSourcesBuildPhase;
			buildActionMask = 2147483647;
			files = (
				442851E71FD9A3920065951C /* AudioService.swift in Sources */,
				442851EE1FD9A3EE0065951C /* InstrumentHost.swift in Sources */,
				442851E51FD9A3440065951C /* MainViewController.swift in Sources */,
				442851F91FD9A49B0065951C /* NSError+OSStatus.swift in Sources */,
				442851F71FD9A49B0065951C /* AudioUnitGraph.swift in Sources */,
				442851EC1FD9A3EE0065951C /* AUv2InstrumentHost.swift in Sources */,
				442851ED1FD9A3EE0065951C /* AUv3InstrumentHost.swift in Sources */,
				442851F81FD9A49B0065951C /* AudioUnitInstance.swift in Sources */,
				442851FA1FD9A49B0065951C /* AudioToolboxHelpers.m in Sources */,
				442851C51FD9A2900065951C /* AppDelegate.swift in Sources */,
			);
			runOnlyForDeploymentPostprocessing = 0;
		};
		442851CF1FD9A2900065951C /* Sources */ = {
			isa = PBXSourcesBuildPhase;
			buildActionMask = 2147483647;
			files = (
				442851D81FD9A2900065951C /* AudioUnitInstrumentHostTests.swift in Sources */,
			);
			runOnlyForDeploymentPostprocessing = 0;
		};
/* End PBXSourcesBuildPhase section */

/* Begin PBXTargetDependency section */
		442851D51FD9A2900065951C /* PBXTargetDependency */ = {
			isa = PBXTargetDependency;
			target = 442851C01FD9A2900065951C /* AudioUnitInstrumentHost */;
			targetProxy = 442851D41FD9A2900065951C /* PBXContainerItemProxy */;
		};
/* End PBXTargetDependency section */

/* Begin PBXVariantGroup section */
		442851CA1FD9A2900065951C /* Main.storyboard */ = {
			isa = PBXVariantGroup;
			children = (
				442851CB1FD9A2900065951C /* Base */,
			);
			name = Main.storyboard;
			sourceTree = "<group>";
		};
/* End PBXVariantGroup section */

/* Begin XCBuildConfiguration section */
		442851DA1FD9A2900065951C /* Debug */ = {
			isa = XCBuildConfiguration;
			buildSettings = {
				ALWAYS_SEARCH_USER_PATHS = NO;
				CLANG_ANALYZER_NONNULL = YES;
				CLANG_ANALYZER_NUMBER_OBJECT_CONVERSION = YES_AGGRESSIVE;
				CLANG_CXX_LANGUAGE_STANDARD = "gnu++14";
				CLANG_CXX_LIBRARY = "libc++";
				CLANG_ENABLE_MODULES = YES;
				CLANG_ENABLE_OBJC_ARC = YES;
				CLANG_WARN_BLOCK_CAPTURE_AUTORELEASING = YES;
				CLANG_WARN_BOOL_CONVERSION = YES;
				CLANG_WARN_COMMA = YES;
				CLANG_WARN_CONSTANT_CONVERSION = YES;
				CLANG_WARN_DIRECT_OBJC_ISA_USAGE = YES_ERROR;
				CLANG_WARN_DOCUMENTATION_COMMENTS = YES;
				CLANG_WARN_EMPTY_BODY = YES;
				CLANG_WARN_ENUM_CONVERSION = YES;
				CLANG_WARN_INFINITE_RECURSION = YES;
				CLANG_WARN_INT_CONVERSION = YES;
				CLANG_WARN_NON_LITERAL_NULL_CONVERSION = YES;
				CLANG_WARN_OBJC_LITERAL_CONVERSION = YES;
				CLANG_WARN_OBJC_ROOT_CLASS = YES_ERROR;
				CLANG_WARN_RANGE_LOOP_ANALYSIS = YES;
				CLANG_WARN_STRICT_PROTOTYPES = YES;
				CLANG_WARN_SUSPICIOUS_MOVE = YES;
				CLANG_WARN_UNGUARDED_AVAILABILITY = YES_AGGRESSIVE;
				CLANG_WARN_UNREACHABLE_CODE = YES;
				CLANG_WARN__DUPLICATE_METHOD_MATCH = YES;
				CODE_SIGN_IDENTITY = "Mac Developer";
				COPY_PHASE_STRIP = NO;
				DEBUG_INFORMATION_FORMAT = dwarf;
				ENABLE_STRICT_OBJC_MSGSEND = YES;
				ENABLE_TESTABILITY = YES;
				GCC_C_LANGUAGE_STANDARD = gnu11;
				GCC_DYNAMIC_NO_PIC = NO;
				GCC_NO_COMMON_BLOCKS = YES;
				GCC_OPTIMIZATION_LEVEL = 0;
				GCC_PREPROCESSOR_DEFINITIONS = (
					"DEBUG=1",
					"$(inherited)",
				);
				GCC_WARN_64_TO_32_BIT_CONVERSION = YES;
				GCC_WARN_ABOUT_RETURN_TYPE = YES_ERROR;
				GCC_WARN_UNDECLARED_SELECTOR = YES;
				GCC_WARN_UNINITIALIZED_AUTOS = YES_AGGRESSIVE;
				GCC_WARN_UNUSED_FUNCTION = YES;
				GCC_WARN_UNUSED_VARIABLE = YES;
				MACOSX_DEPLOYMENT_TARGET = 10.12;
				MTL_ENABLE_DEBUG_INFO = YES;
				ONLY_ACTIVE_ARCH = YES;
				SDKROOT = macosx;
				SWIFT_ACTIVE_COMPILATION_CONDITIONS = DEBUG;
				SWIFT_OPTIMIZATION_LEVEL = "-Onone";
			};
			name = Debug;
		};
		442851DB1FD9A2900065951C /* Release */ = {
			isa = XCBuildConfiguration;
			buildSettings = {
				ALWAYS_SEARCH_USER_PATHS = NO;
				CLANG_ANALYZER_NONNULL = YES;
				CLANG_ANALYZER_NUMBER_OBJECT_CONVERSION = YES_AGGRESSIVE;
				CLANG_CXX_LANGUAGE_STANDARD = "gnu++14";
				CLANG_CXX_LIBRARY = "libc++";
				CLANG_ENABLE_MODULES = YES;
				CLANG_ENABLE_OBJC_ARC = YES;
				CLANG_WARN_BLOCK_CAPTURE_AUTORELEASING = YES;
				CLANG_WARN_BOOL_CONVERSION = YES;
				CLANG_WARN_COMMA = YES;
				CLANG_WARN_CONSTANT_CONVERSION = YES;
				CLANG_WARN_DIRECT_OBJC_ISA_USAGE = YES_ERROR;
				CLANG_WARN_DOCUMENTATION_COMMENTS = YES;
				CLANG_WARN_EMPTY_BODY = YES;
				CLANG_WARN_ENUM_CONVERSION = YES;
				CLANG_WARN_INFINITE_RECURSION = YES;
				CLANG_WARN_INT_CONVERSION = YES;
				CLANG_WARN_NON_LITERAL_NULL_CONVERSION = YES;
				CLANG_WARN_OBJC_LITERAL_CONVERSION = YES;
				CLANG_WARN_OBJC_ROOT_CLASS = YES_ERROR;
				CLANG_WARN_RANGE_LOOP_ANALYSIS = YES;
				CLANG_WARN_STRICT_PROTOTYPES = YES;
				CLANG_WARN_SUSPICIOUS_MOVE = YES;
				CLANG_WARN_UNGUARDED_AVAILABILITY = YES_AGGRESSIVE;
				CLANG_WARN_UNREACHABLE_CODE = YES;
				CLANG_WARN__DUPLICATE_METHOD_MATCH = YES;
				CODE_SIGN_IDENTITY = "Mac Developer";
				COPY_PHASE_STRIP = NO;
				DEBUG_INFORMATION_FORMAT = "dwarf-with-dsym";
				ENABLE_NS_ASSERTIONS = NO;
				ENABLE_STRICT_OBJC_MSGSEND = YES;
				GCC_C_LANGUAGE_STANDARD = gnu11;
				GCC_NO_COMMON_BLOCKS = YES;
				GCC_WARN_64_TO_32_BIT_CONVERSION = YES;
				GCC_WARN_ABOUT_RETURN_TYPE = YES_ERROR;
				GCC_WARN_UNDECLARED_SELECTOR = YES;
				GCC_WARN_UNINITIALIZED_AUTOS = YES_AGGRESSIVE;
				GCC_WARN_UNUSED_FUNCTION = YES;
				GCC_WARN_UNUSED_VARIABLE = YES;
				MACOSX_DEPLOYMENT_TARGET = 10.12;
				MTL_ENABLE_DEBUG_INFO = NO;
				SDKROOT = macosx;
				SWIFT_OPTIMIZATION_LEVEL = "-Owholemodule";
			};
			name = Release;
		};
		442851DD1FD9A2900065951C /* Debug */ = {
			isa = XCBuildConfiguration;
			buildSettings = {
				ASSETCATALOG_COMPILER_APPICON_NAME = AppIcon;
				CLANG_ENABLE_MODULES = YES;
				CODE_SIGN_STYLE = Automatic;
				COMBINE_HIDPI_IMAGES = YES;
				DEVELOPMENT_TEAM = RGZSVAB4M3;
				INFOPLIST_FILE = AudioUnitInstrumentHost/Info.plist;
				LD_RUNPATH_SEARCH_PATHS = "$(inherited) @executable_path/../Frameworks";
				PRODUCT_BUNDLE_IDENTIFIER = name.acb.AudioUnitInstrumentHost;
				PRODUCT_NAME = "$(TARGET_NAME)";
				SWIFT_OBJC_BRIDGING_HEADER = "AudioUnitInstrumentHost/Utility/AUv2/AudioUnitInstrumentHost-Bridging-Header.h";
				SWIFT_OPTIMIZATION_LEVEL = "-Onone";
				SWIFT_VERSION = 4.0;
			};
			name = Debug;
		};
		442851DE1FD9A2900065951C /* Release */ = {
			isa = XCBuildConfiguration;
			buildSettings = {
				ASSETCATALOG_COMPILER_APPICON_NAME = AppIcon;
				CLANG_ENABLE_MODULES = YES;
				CODE_SIGN_STYLE = Automatic;
				COMBINE_HIDPI_IMAGES = YES;
				DEVELOPMENT_TEAM = RGZSVAB4M3;
				INFOPLIST_FILE = AudioUnitInstrumentHost/Info.plist;
				LD_RUNPATH_SEARCH_PATHS = "$(inherited) @executable_path/../Frameworks";
				PRODUCT_BUNDLE_IDENTIFIER = name.acb.AudioUnitInstrumentHost;
				PRODUCT_NAME = "$(TARGET_NAME)";
				SWIFT_OBJC_BRIDGING_HEADER = "AudioUnitInstrumentHost/Utility/AUv2/AudioUnitInstrumentHost-Bridging-Header.h";
				SWIFT_VERSION = 4.0;
			};
			name = Release;
		};
		442851E01FD9A2900065951C /* Debug */ = {
			isa = XCBuildConfiguration;
			buildSettings = {
				ALWAYS_EMBED_SWIFT_STANDARD_LIBRARIES = YES;
				BUNDLE_LOADER = "$(TEST_HOST)";
				CODE_SIGN_STYLE = Automatic;
				COMBINE_HIDPI_IMAGES = YES;
				DEVELOPMENT_TEAM = RGZSVAB4M3;
				INFOPLIST_FILE = AudioUnitInstrumentHostTests/Info.plist;
				LD_RUNPATH_SEARCH_PATHS = "$(inherited) @executable_path/../Frameworks @loader_path/../Frameworks";
				PRODUCT_BUNDLE_IDENTIFIER = name.acb.AudioUnitInstrumentHostTests;
				PRODUCT_NAME = "$(TARGET_NAME)";
				SWIFT_VERSION = 4.0;
				TEST_HOST = "$(BUILT_PRODUCTS_DIR)/AudioUnitInstrumentHost.app/Contents/MacOS/AudioUnitInstrumentHost";
			};
			name = Debug;
		};
		442851E11FD9A2900065951C /* Release */ = {
			isa = XCBuildConfiguration;
			buildSettings = {
				ALWAYS_EMBED_SWIFT_STANDARD_LIBRARIES = YES;
				BUNDLE_LOADER = "$(TEST_HOST)";
				CODE_SIGN_STYLE = Automatic;
				COMBINE_HIDPI_IMAGES = YES;
				DEVELOPMENT_TEAM = RGZSVAB4M3;
				INFOPLIST_FILE = AudioUnitInstrumentHostTests/Info.plist;
				LD_RUNPATH_SEARCH_PATHS = "$(inherited) @executable_path/../Frameworks @loader_path/../Frameworks";
				PRODUCT_BUNDLE_IDENTIFIER = name.acb.AudioUnitInstrumentHostTests;
				PRODUCT_NAME = "$(TARGET_NAME)";
				SWIFT_VERSION = 4.0;
				TEST_HOST = "$(BUILT_PRODUCTS_DIR)/AudioUnitInstrumentHost.app/Contents/MacOS/AudioUnitInstrumentHost";
			};
			name = Release;
		};
/* End XCBuildConfiguration section */

/* Begin XCConfigurationList section */
		442851BC1FD9A2900065951C /* Build configuration list for PBXProject "AudioUnitInstrumentHost" */ = {
			isa = XCConfigurationList;
			buildConfigurations = (
				442851DA1FD9A2900065951C /* Debug */,
				442851DB1FD9A2900065951C /* Release */,
			);
			defaultConfigurationIsVisible = 0;
			defaultConfigurationName = Release;
		};
		442851DC1FD9A2900065951C /* Build configuration list for PBXNativeTarget "AudioUnitInstrumentHost" */ = {
			isa = XCConfigurationList;
			buildConfigurations = (
				442851DD1FD9A2900065951C /* Debug */,
				442851DE1FD9A2900065951C /* Release */,
			);
			defaultConfigurationIsVisible = 0;
			defaultConfigurationName = Release;
		};
		442851DF1FD9A2900065951C /* Build configuration list for PBXNativeTarget "AudioUnitInstrumentHostTests" */ = {
			isa = XCConfigurationList;
			buildConfigurations = (
				442851E01FD9A2900065951C /* Debug */,
				442851E11FD9A2900065951C /* Release */,
			);
			defaultConfigurationIsVisible = 0;
			defaultConfigurationName = Release;
		};
/* End XCConfigurationList section */
	};
	rootObject = 442851B91FD9A2900065951C /* Project object */;
}
